
Microsoft Visual Studio Solution File, Format Version 12.00
# Visual Studio Version 16
VisualStudioVersion = 16.0.31727.386
MinimumVisualStudioVersion = 10.0.40219.1
Project("{FAE04EC0-301F-11D3-BF4B-00C04F79EFBC}") = "11010145", "11010145\11010145.csproj", "{2A272EF6-6BB7-4C41-9A65-3C414F676B5E}"
EndProject
Global
	GlobalSection(SolutionConfigurationPlatforms) = preSolution
		Debug|Any CPU = Debug|Any CPU
		Release|Any CPU = Release|Any CPU
	EndGlobalSection
	GlobalSection(ProjectConfigurationPlatforms) = postSolution
		{2A272EF6-6BB7-4C41-9A65-3C414F676B5E}.Debug|Any CPU.ActiveCfg = Debug|Any CPU
		{2A272EF6-6BB7-4C41-9A65-3C414F676B5E}.Debug|Any CPU.Build.0 = Debug|Any CPU
		{2A272EF6-6BB7-4C41-9A65-3C414F676B5E}.Release|Any CPU.ActiveCfg = Release|Any CPU
		{2A272EF6-6BB7-4C41-9A65-3C414F676B5E}.Release|Any CPU.Build.0 = Release|Any CPU
	EndGlobalSection
	GlobalSection(SolutionProperties) = preSolution
		HideSolutionNode = FALSE
	EndGlobalSection
	GlobalSection(ExtensibilityGlobals) = postSolution
		SolutionGuid = {64087804-578F-42DA-BFB0-7F1276171035}
	EndGlobalSection
EndGlobal
